<?xml version="1.0" encoding="utf-8"?>
<Project ToolsVersion="4.0" xmlns="http://schemas.microsoft.com/developer/msbuild/2003">
  <ItemGroup>
    <Filter Include="Network">
      <UniqueIdentifier>{7faae775-2eb3-47f7-9e88-cb4d49437994}</UniqueIdentifier>
    </Filter>
    <Filter Include="Network\protocol">
      <UniqueIdentifier>{f5551efc-7820-4d42-9c7e-76d725544d9d}</UniqueIdentifier>
    </Filter>
    <Filter Include="Network\IOCP">
      <UniqueIdentifier>{1232dcad-1fa0-4a25-89e8-231977930a1f}</UniqueIdentifier>
    </Filter>
    <Filter Include="PCH">
      <UniqueIdentifier>{d65f0c35-b6f5-41f7-a1a8-d5c230df8689}</UniqueIdentifier>
    </Filter>
    <Filter Include="Logic">
      <UniqueIdentifier>{2b2a4b60-1bff-40aa-b1cc-e8ae5b381fde}</UniqueIdentifier>
    </Filter>
    <Filter Include="DB">
      <UniqueIdentifier>{67488753-1084-4e91-a43b-a7d2dc66a6bf}</UniqueIdentifier>
    </Filter>
    <Filter Include="Timer">
      <UniqueIdentifier>{cf8ae021-9f8f-43cb-bc14-3e832e28ebfe}</UniqueIdentifier>
    </Filter>
    <Filter Include="MapData">
      <UniqueIdentifier>{cc4ba47b-4988-4ef1-8eb5-0fc85941872c}</UniqueIdentifier>
    </Filter>
    <Filter Include="Network\UserSession">
      <UniqueIdentifier>{117bfb1d-30a0-44fb-9963-935ceae9c30f}</UniqueIdentifier>
    </Filter>
    <Filter Include="MapData\MapCollision">
      <UniqueIdentifier>{bee417fd-7ad1-4336-a81a-e4e9ab2b56d0}</UniqueIdentifier>
    </Filter>
    <Filter Include="MapData\NavMesh">
      <UniqueIdentifier>{89e3ff2e-7f9b-4e36-a113-f526addca1d4}</UniqueIdentifier>
    </Filter>
    <Filter Include="MapData\NavMesh\QuadTree">
      <UniqueIdentifier>{c9a2ce1f-f4c8-4e06-8c72-1bee0f76222c}</UniqueIdentifier>
    </Filter>
    <Filter Include="MapData\AstarNode">
      <UniqueIdentifier>{50fb30c7-3a37-45cd-b451-ae31d6fd4160}</UniqueIdentifier>
    </Filter>
    <Filter Include="Network\ExpOver">
      <UniqueIdentifier>{2c8d6f2a-b71a-49f8-8fe0-190b0e8e90fb}</UniqueIdentifier>
    </Filter>
    <Filter Include="Network\IocpEvent">
      <UniqueIdentifier>{616faf02-0af5-4bb0-8fd0-14d2210f909f}</UniqueIdentifier>
    </Filter>
    <Filter Include="Network\IocpEvent\SendEvent">
      <UniqueIdentifier>{db41b7a6-3fc5-4a84-83e1-368d9c1d668a}</UniqueIdentifier>
    </Filter>
    <Filter Include="Network\IocpEvent\ListenEvent">
      <UniqueIdentifier>{3a11b420-5649-47ed-835e-582868b460b1}</UniqueIdentifier>
    </Filter>
    <Filter Include="Network\IocpEvent\DBEvent">
      <UniqueIdentifier>{aad6529a-738a-43e1-b01c-78b28442001d}</UniqueIdentifier>
    </Filter>
    <Filter Include="Timer\TimerEvent">
      <UniqueIdentifier>{a3175507-e8a9-4aaa-bf71-7d52b3ad0ca3}</UniqueIdentifier>
    </Filter>
    <Filter Include="InGame">
      <UniqueIdentifier>{01b795a2-581c-4218-a79a-bc5b226f5d0b}</UniqueIdentifier>
    </Filter>
    <Filter Include="InGame\GameObject">
      <UniqueIdentifier>{b68ea826-14ee-48e8-9784-1fefb05b8c18}</UniqueIdentifier>
    </Filter>
    <Filter Include="InGame\GameObject\Character">
      <UniqueIdentifier>{0c5bab66-5984-4d4f-882f-81cbbc34b946}</UniqueIdentifier>
    </Filter>
    <Filter Include="InGame\GameObject\Projectile">
      <UniqueIdentifier>{94516b9f-875b-4433-b645-45e961910c70}</UniqueIdentifier>
    </Filter>
    <Filter Include="InGame\GameObject\Monster">
      <UniqueIdentifier>{3ba49b98-7b73-4a76-80e7-ea99cc3d1eda}</UniqueIdentifier>
    </Filter>
    <Filter Include="InGame\Room">
      <UniqueIdentifier>{a13be899-e830-47cb-8b85-8dfe2f61fd3b}</UniqueIdentifier>
    </Filter>
    <Filter Include="InGame\Room\RoomEvent">
      <UniqueIdentifier>{39839b50-7efa-4ad0-9005-dfb67976c7a4}</UniqueIdentifier>
    </Filter>
    <Filter Include="InGame\Match">
      <UniqueIdentifier>{6ed44798-c081-4f3b-ba5f-2ded23df14a0}</UniqueIdentifier>
    </Filter>
  </ItemGroup>
  <ItemGroup>
    <ClCompile Include="PCH\stdafx.cpp">
      <Filter>PCH</Filter>
    </ClCompile>
    <ClCompile Include="Logic\Logic.cpp">
      <Filter>Logic</Filter>
    </ClCompile>
    <ClCompile Include="DB\DB.cpp">
      <Filter>DB</Filter>
    </ClCompile>
    <ClCompile Include="Room\Room.cpp">
      <Filter>InGame\Room</Filter>
    </ClCompile>
    <ClCompile Include="Room\RoomManager.cpp">
      <Filter>InGame\Room</Filter>
    </ClCompile>
    <ClCompile Include="Timer\Timer.cpp">
      <Filter>Timer</Filter>
    </ClCompile>
    <ClCompile Include="Network\PacketManager\PacketManager.cpp">
      <Filter>Network</Filter>
    </ClCompile>
    <ClCompile Include="Network\IOCP\Iocp.cpp">
      <Filter>Network\IOCP</Filter>
    </ClCompile>
    <ClCompile Include="main.cpp" />
    <ClCompile Include="Network\UserSession\UserSession.cpp">
      <Filter>Network\UserSession</Filter>
    </ClCompile>
    <ClCompile Include="GameObject\GameObject.cpp">
      <Filter>InGame\GameObject</Filter>
    </ClCompile>
    <ClCompile Include="GameObject\Projectile\ShootingObject.cpp">
      <Filter>InGame\GameObject\Projectile</Filter>
    </ClCompile>
    <ClCompile Include="GameObject\Projectile\MeteoObject.cpp">
      <Filter>InGame\GameObject\Projectile</Filter>
    </ClCompile>
    <ClCompile Include="GameObject\Character\ChracterObject.cpp">
      <Filter>InGame\GameObject\Character</Filter>
    </ClCompile>
    <ClCompile Include="GameObject\Monster\MonsterObject.cpp">
      <Filter>InGame\GameObject\Monster</Filter>
    </ClCompile>
    <ClCompile Include="GameObject\Monster\SmallMonsterObject.cpp">
      <Filter>InGame\GameObject\Monster</Filter>
    </ClCompile>
    <ClCompile Include="MapData\MapData.cpp">
      <Filter>MapData</Filter>
    </ClCompile>
    <ClCompile Include="MapData\MapCollision\MapCollision.cpp">
      <Filter>MapData\MapCollision</Filter>
    </ClCompile>
    <ClCompile Include="MapData\NavMeshQuadTree\NavMeshQuadTree.cpp">
      <Filter>MapData\NavMesh\QuadTree</Filter>
    </ClCompile>
    <ClCompile Include="MapData\TriangleMesh\TriangleMesh.cpp">
      <Filter>MapData\NavMesh</Filter>
    </ClCompile>
    <ClCompile Include="MapData\AstarNode\AstarNode.cpp">
      <Filter>MapData\AstarNode</Filter>
    </ClCompile>
    <ClCompile Include="Network\UserSession\UserManager.cpp">
      <Filter>Network\UserSession</Filter>
    </ClCompile>
    <ClCompile Include="Network\ExpOver\ExpOver.cpp">
      <Filter>Network\ExpOver</Filter>
    </ClCompile>
    <ClCompile Include="Network\IocpEvent\IocpEventManager.cpp">
      <Filter>Network\IocpEvent</Filter>
    </ClCompile>
    <ClCompile Include="Network\IocpEvent\SendEvent.cpp">
      <Filter>Network\IocpEvent\SendEvent</Filter>
    </ClCompile>
    <ClCompile Include="Network\IocpEvent\ListenEvent.cpp">
      <Filter>Network\IocpEvent\ListenEvent</Filter>
    </ClCompile>
    <ClCompile Include="Network\IocpEvent\IocpDBEvent.cpp">
      <Filter>Network\IocpEvent\DBEvent</Filter>
    </ClCompile>
    <ClCompile Include="Timer\TimerEventBase.cpp">
      <Filter>Timer\TimerEvent</Filter>
    </ClCompile>
    <ClCompile Include="Room\RoomEvent.cpp">
      <Filter>InGame\Room\RoomEvent</Filter>
    </ClCompile>
    <ClCompile Include="Match\MatchQueue.cpp">
      <Filter>InGame\Match</Filter>
    </ClCompile>
    <ClCompile Include="Match\Matching.cpp">
      <Filter>InGame\Match</Filter>
    </ClCompile>
  </ItemGroup>
  <ItemGroup>
    <ClInclude Include="PCH\stdafx.h">
      <Filter>PCH</Filter>
    </ClInclude>
    <ClInclude Include="Logic\Logic.h">
      <Filter>Logic</Filter>
    </ClInclude>
    <ClInclude Include="DB\DB.h">
      <Filter>DB</Filter>
    </ClInclude>
    <ClInclude Include="Room\Room.h">
      <Filter>InGame\Room</Filter>
    </ClInclude>
    <ClInclude Include="Room\RoomManager.h">
      <Filter>InGame\Room</Filter>
    </ClInclude>
    <ClInclude Include="Timer\Timer.h">
      <Filter>Timer</Filter>
    </ClInclude>
    <ClInclude Include="Network\PacketManager\PacketManager.h">
      <Filter>Network</Filter>
    </ClInclude>
    <ClInclude Include="Network\IOCP\Iocp.h">
      <Filter>Network\IOCP</Filter>
    </ClInclude>
    <ClInclude Include="Network\protocol\protocol.h">
      <Filter>Network\protocol</Filter>
    </ClInclude>
    <ClInclude Include="Network\UserSession\UserSession.h">
      <Filter>Network\UserSession</Filter>
    </ClInclude>
    <ClInclude Include="GameObject\GameObject.h">
      <Filter>InGame\GameObject</Filter>
    </ClInclude>
    <ClInclude Include="GameObject\Projectile\ShootingObject.h">
      <Filter>InGame\GameObject\Projectile</Filter>
    </ClInclude>
    <ClInclude Include="GameObject\Projectile\MeteoObject.h">
      <Filter>InGame\GameObject\Projectile</Filter>
    </ClInclude>
    <ClInclude Include="GameObject\Character\ChracterObject.h">
      <Filter>InGame\GameObject\Character</Filter>
    </ClInclude>
    <ClInclude Include="GameObject\Monster\MonsterObject.h">
      <Filter>InGame\GameObject\Monster</Filter>
    </ClInclude>
    <ClInclude Include="GameObject\Monster\SmallMonsterObject.h">
      <Filter>InGame\GameObject\Monster</Filter>
    </ClInclude>
    <ClInclude Include="MapData\MapData.h">
      <Filter>MapData</Filter>
    </ClInclude>
    <ClInclude Include="MapData\MapCollision\MapCollision.h">
      <Filter>MapData\MapCollision</Filter>
    </ClInclude>
    <ClInclude Include="MapData\NavMeshQuadTree\NavMeshQuadTree.h">
      <Filter>MapData\NavMesh\QuadTree</Filter>
    </ClInclude>
    <ClInclude Include="MapData\TriangleMesh\TriangleMesh.h">
      <Filter>MapData\NavMesh</Filter>
    </ClInclude>
    <ClInclude Include="MapData\AstarNode\AstarNode.h">
      <Filter>MapData\AstarNode</Filter>
    </ClInclude>
    <ClInclude Include="Network\UserSession\UserManager.h">
      <Filter>Network\UserSession</Filter>
    </ClInclude>
    <ClInclude Include="SingletonBase.h" />
    <ClInclude Include="Network\ExpOver\ExpOver.h">
      <Filter>Network\ExpOver</Filter>
    </ClInclude>
    <ClInclude Include="Network\IocpEvent\IocpEventBase.h">
      <Filter>Network\IocpEvent</Filter>
    </ClInclude>
    <ClInclude Include="Network\IocpEvent\IocpEventManager.h">
      <Filter>Network\IocpEvent</Filter>
    </ClInclude>
    <ClInclude Include="Network\IocpEvent\SendEvent.h">
      <Filter>Network\IocpEvent\SendEvent</Filter>
    </ClInclude>
    <ClInclude Include="Network\IocpEvent\ListenEvent.h">
      <Filter>Network\IocpEvent\ListenEvent</Filter>
    </ClInclude>
    <ClInclude Include="Network\IocpEvent\IocpDBEvent.h">
      <Filter>Network\IocpEvent\DBEvent</Filter>
    </ClInclude>
    <ClInclude Include="Timer\TimerEventBase.h">
      <Filter>Timer\TimerEvent</Filter>
    </ClInclude>
    <ClInclude Include="Room\RoomEvent.h">
      <Filter>InGame\Room\RoomEvent</Filter>
    </ClInclude>
    <ClInclude Include="Match\MatchQueue.h">
      <Filter>InGame\Match</Filter>
    </ClInclude>
    <ClInclude Include="Match\Matching.h">
      <Filter>InGame\Match</Filter>
    </ClInclude>
  </ItemGroup>
  <ItemGroup>
    <None Include="packages.config" />
  </ItemGroup>
</Project>