<?xml version="1.0" encoding="utf-8"?>
<Project ToolsVersion="4.0" xmlns="http://schemas.microsoft.com/developer/msbuild/2003">
  <ItemGroup>
    <Filter Include="소스 파일">
      <UniqueIdentifier>{4FC737F1-C7A5-4376-A066-2A32D752A2FF}</UniqueIdentifier>
      <Extensions>cpp;c;cc;cxx;c++;cppm;ixx;def;odl;idl;hpj;bat;asm;asmx</Extensions>
    </Filter>
    <Filter Include="Network">
      <UniqueIdentifier>{7faae775-2eb3-47f7-9e88-cb4d49437994}</UniqueIdentifier>
    </Filter>
    <Filter Include="Session">
      <UniqueIdentifier>{117bfb1d-30a0-44fb-9963-935ceae9c30f}</UniqueIdentifier>
    </Filter>
    <Filter Include="Network\protocol">
      <UniqueIdentifier>{f5551efc-7820-4d42-9c7e-76d725544d9d}</UniqueIdentifier>
    </Filter>
    <Filter Include="Network\IOCP">
      <UniqueIdentifier>{1232dcad-1fa0-4a25-89e8-231977930a1f}</UniqueIdentifier>
    </Filter>
    <Filter Include="PCH">
      <UniqueIdentifier>{d65f0c35-b6f5-41f7-a1a8-d5c230df8689}</UniqueIdentifier>
    </Filter>
    <Filter Include="Logic">
      <UniqueIdentifier>{2b2a4b60-1bff-40aa-b1cc-e8ae5b381fde}</UniqueIdentifier>
    </Filter>
    <Filter Include="Session\SessionObject">
      <UniqueIdentifier>{c5b3fc48-5022-4bf5-a823-f44b14378253}</UniqueIdentifier>
    </Filter>
    <Filter Include="DB">
      <UniqueIdentifier>{67488753-1084-4e91-a43b-a7d2dc66a6bf}</UniqueIdentifier>
    </Filter>
    <Filter Include="Room">
      <UniqueIdentifier>{a13be899-e830-47cb-8b85-8dfe2f61fd3b}</UniqueIdentifier>
    </Filter>
    <Filter Include="Timer">
      <UniqueIdentifier>{cf8ae021-9f8f-43cb-bc14-3e832e28ebfe}</UniqueIdentifier>
    </Filter>
    <Filter Include="MapData">
      <UniqueIdentifier>{cc4ba47b-4988-4ef1-8eb5-0fc85941872c}</UniqueIdentifier>
    </Filter>
  </ItemGroup>
  <ItemGroup>
    <ClCompile Include="main.cpp">
      <Filter>소스 파일</Filter>
    </ClCompile>
    <ClCompile Include="IOCPNetwork\IOCP\IOCPNetwork.cpp">
      <Filter>Network\IOCP</Filter>
    </ClCompile>
    <ClCompile Include="PCH\stdafx.cpp">
      <Filter>PCH</Filter>
    </ClCompile>
    <ClCompile Include="Logic\Logic.cpp">
      <Filter>Logic</Filter>
    </ClCompile>
    <ClCompile Include="Session\Session.cpp">
      <Filter>Session</Filter>
    </ClCompile>
    <ClCompile Include="Session\SessionObject\SessionObject.cpp">
      <Filter>Session\SessionObject</Filter>
    </ClCompile>
    <ClCompile Include="Session\SessionObject\PlayerSessionObject.cpp">
      <Filter>Session\SessionObject</Filter>
    </ClCompile>
    <ClCompile Include="DB\DBObject.cpp">
      <Filter>DB</Filter>
    </ClCompile>
    <ClCompile Include="Room\Room.cpp">
      <Filter>Room</Filter>
    </ClCompile>
    <ClCompile Include="Room\RoomManager.cpp">
      <Filter>Room</Filter>
    </ClCompile>
    <ClCompile Include="Session\SessionObject\MonsterSessionObject.cpp">
      <Filter>Session\SessionObject</Filter>
    </ClCompile>
    <ClCompile Include="Timer\Timer.cpp">
      <Filter>Timer</Filter>
    </ClCompile>
    <ClCompile Include="Session\SessionObject\ShootingSessionObject.cpp">
      <Filter>Session\SessionObject</Filter>
    </ClCompile>
    <ClCompile Include="MapData\MapData.cpp">
      <Filter>MapData</Filter>
    </ClCompile>
    <ClCompile Include="MapData\MapCollide.cpp">
      <Filter>MapData</Filter>
    </ClCompile>
  </ItemGroup>
  <ItemGroup>
    <ClInclude Include="Session\ExpOver.h">
      <Filter>Session</Filter>
    </ClInclude>
    <ClInclude Include="IOCPNetwork\protocol\protocol.h">
      <Filter>Network\protocol</Filter>
    </ClInclude>
    <ClInclude Include="IOCPNetwork\IOCP\IOCPNetwork.h">
      <Filter>Network\IOCP</Filter>
    </ClInclude>
    <ClInclude Include="PCH\stdafx.h">
      <Filter>PCH</Filter>
    </ClInclude>
    <ClInclude Include="Logic\Logic.h">
      <Filter>Logic</Filter>
    </ClInclude>
    <ClInclude Include="Session\Session.h">
      <Filter>Session</Filter>
    </ClInclude>
    <ClInclude Include="Session\SessionObject\SessionObject.h">
      <Filter>Session\SessionObject</Filter>
    </ClInclude>
    <ClInclude Include="Session\SessionObject\PlayerSessionObject.h">
      <Filter>Session\SessionObject</Filter>
    </ClInclude>
    <ClInclude Include="DB\DBObject.h">
      <Filter>DB</Filter>
    </ClInclude>
    <ClInclude Include="Room\Room.h">
      <Filter>Room</Filter>
    </ClInclude>
    <ClInclude Include="Room\RoomManager.h">
      <Filter>Room</Filter>
    </ClInclude>
    <ClInclude Include="Session\SessionObject\MonsterSessionObject.h">
      <Filter>Session\SessionObject</Filter>
    </ClInclude>
    <ClInclude Include="Timer\Timer.h">
      <Filter>Timer</Filter>
    </ClInclude>
    <ClInclude Include="Session\SessionObject\ShootingSessionObject.h">
      <Filter>Session\SessionObject</Filter>
    </ClInclude>
    <ClInclude Include="MapData\MapData.h">
      <Filter>MapData</Filter>
    </ClInclude>
    <ClInclude Include="MapData\MapCollide.h">
      <Filter>MapData</Filter>
    </ClInclude>
  </ItemGroup>
</Project>